
Microsoft Visual Studio Solution File, Format Version 12.00
# Visual Studio Version 17
VisualStudioVersion = 17.3.32811.315
MinimumVisualStudioVersion = 10.0.40219.1
Project("{8BC9CEB8-8B4A-11D0-8D11-00A0C91BC942}") = "8 kyu", "8 kyu\8 kyu.vcxproj", "{1BE36B2C-9FB8-484C-AC84-611658B73BF8}"
EndProject
Project("{8BC9CEB8-8B4A-11D0-8D11-00A0C91BC942}") = "7 kyu", "7 kyu\7 kyu.vcxproj", "{A330C62E-02B7-4CEF-8A29-FF428A3C5DA1}"
EndProject
Project("{8BC9CEB8-8B4A-11D0-8D11-00A0C91BC942}") = "6 kyu", "6 kyu\6 kyu.vcxproj", "{516E580A-8551-406F-B0A7-2E8BD6566A62}"
EndProject
Global
	GlobalSection(SolutionConfigurationPlatforms) = preSolution
		Debug|x64 = Debug|x64
		Debug|x86 = Debug|x86
		Release|x64 = Release|x64
		Release|x86 = Release|x86
	EndGlobalSection
	GlobalSection(ProjectConfigurationPlatforms) = postSolution
		{1BE36B2C-9FB8-484C-AC84-611658B73BF8}.Debug|x64.ActiveCfg = Debug|x64
		{1BE36B2C-9FB8-484C-AC84-611658B73BF8}.Debug|x64.Build.0 = Debug|x64
		{1BE36B2C-9FB8-484C-AC84-611658B73BF8}.Debug|x86.ActiveCfg = Debug|Win32
		{1BE36B2C-9FB8-484C-AC84-611658B73BF8}.Debug|x86.Build.0 = Debug|Win32
		{1BE36B2C-9FB8-484C-AC84-611658B73BF8}.Release|x64.ActiveCfg = Release|x64
		{1BE36B2C-9FB8-484C-AC84-611658B73BF8}.Release|x64.Build.0 = Release|x64
		{1BE36B2C-9FB8-484C-AC84-611658B73BF8}.Release|x86.ActiveCfg = Release|Win32
		{1BE36B2C-9FB8-484C-AC84-611658B73BF8}.Release|x86.Build.0 = Release|Win32
		{A330C62E-02B7-4CEF-8A29-FF428A3C5DA1}.Debug|x64.ActiveCfg = Debug|x64
		{A330C62E-02B7-4CEF-8A29-FF428A3C5DA1}.Debug|x64.Build.0 = Debug|x64
		{A330C62E-02B7-4CEF-8A29-FF428A3C5DA1}.Debug|x86.ActiveCfg = Debug|Win32
		{A330C62E-02B7-4CEF-8A29-FF428A3C5DA1}.Debug|x86.Build.0 = Debug|Win32
		{A330C62E-02B7-4CEF-8A29-FF428A3C5DA1}.Release|x64.ActiveCfg = Release|x64
		{A330C62E-02B7-4CEF-8A29-FF428A3C5DA1}.Release|x64.Build.0 = Release|x64
		{A330C62E-02B7-4CEF-8A29-FF428A3C5DA1}.Release|x86.ActiveCfg = Release|Win32
		{A330C62E-02B7-4CEF-8A29-FF428A3C5DA1}.Release|x86.Build.0 = Release|Win32
		{516E580A-8551-406F-B0A7-2E8BD6566A62}.Debug|x64.ActiveCfg = Debug|x64
		{516E580A-8551-406F-B0A7-2E8BD6566A62}.Debug|x64.Build.0 = Debug|x64
		{516E580A-8551-406F-B0A7-2E8BD6566A62}.Debug|x86.ActiveCfg = Debug|Win32
		{516E580A-8551-406F-B0A7-2E8BD6566A62}.Debug|x86.Build.0 = Debug|Win32
		{516E580A-8551-406F-B0A7-2E8BD6566A62}.Release|x64.ActiveCfg = Release|x64
		{516E580A-8551-406F-B0A7-2E8BD6566A62}.Release|x64.Build.0 = Release|x64
		{516E580A-8551-406F-B0A7-2E8BD6566A62}.Release|x86.ActiveCfg = Release|Win32
		{516E580A-8551-406F-B0A7-2E8BD6566A62}.Release|x86.Build.0 = Release|Win32
	EndGlobalSection
	GlobalSection(SolutionProperties) = preSolution
		HideSolutionNode = FALSE
	EndGlobalSection
	GlobalSection(ExtensibilityGlobals) = postSolution
		SolutionGuid = {34143BE8-7B22-4ADF-9EDB-0C7A7DB39196}
	EndGlobalSection
EndGlobal
